
Microsoft Visual Studio Solution File, Format Version 12.00
# Visual Studio Version 17
VisualStudioVersion = 17.5.002.0
MinimumVisualStudioVersion = 10.0.40219.1
Project("{9A19103F-16F7-4668-BE54-9A1E7A4F7556}") = "Tianyu System", "Tianyu System.csproj", "{D3EB6FE6-43BB-4598-87F2-ED0859A13C99}"
EndProject
Global
	GlobalSection(SolutionConfigurationPlatforms) = preSolution
		Debug|Any CPU = Debug|Any CPU
		Release|Any CPU = Release|Any CPU
	EndGlobalSection
	GlobalSection(ProjectConfigurationPlatforms) = postSolution
		{D3EB6FE6-43BB-4598-87F2-ED0859A13C99}.Debug|Any CPU.ActiveCfg = Debug|Any CPU
		{D3EB6FE6-43BB-4598-87F2-ED0859A13C99}.Debug|Any CPU.Build.0 = Debug|Any CPU
		{D3EB6FE6-43BB-4598-87F2-ED0859A13C99}.Release|Any CPU.ActiveCfg = Release|Any CPU
		{D3EB6FE6-43BB-4598-87F2-ED0859A13C99}.Release|Any CPU.Build.0 = Release|Any CPU
	EndGlobalSection
	GlobalSection(SolutionProperties) = preSolution
		HideSolutionNode = FALSE
	EndGlobalSection
	GlobalSection(ExtensibilityGlobals) = postSolution
		SolutionGuid = {132D3987-9298-4C5C-96D4-715142C1DC13}
	EndGlobalSection
EndGlobal
